// !$*UTF8*$!
{
	archiveVersion = 1;
	classes = {
	};
	objectVersion = 50;
	objects = {

/* Begin PBXBuildFile section */
		CA3FFE87247A8FD900179049 /* AppDelegate.swift in Sources */ = {isa = PBXBuildFile; fileRef = CA3FFE86247A8FD900179049 /* AppDelegate.swift */; };
		CA3FFE89247A8FD900179049 /* SceneDelegate.swift in Sources */ = {isa = PBXBuildFile; fileRef = CA3FFE88247A8FD900179049 /* SceneDelegate.swift */; };
		CA3FFE8B247A8FD900179049 /* ContentView.swift in Sources */ = {isa = PBXBuildFile; fileRef = CA3FFE8A247A8FD900179049 /* ContentView.swift */; };
		CA3FFE8D247A8FE000179049 /* Assets.xcassets in Resources */ = {isa = PBXBuildFile; fileRef = CA3FFE8C247A8FE000179049 /* Assets.xcassets */; };
		CA3FFE90247A8FE000179049 /* Preview Assets.xcassets in Resources */ = {isa = PBXBuildFile; fileRef = CA3FFE8F247A8FE000179049 /* Preview Assets.xcassets */; };
		CA3FFE93247A8FE000179049 /* LaunchScreen.storyboard in Resources */ = {isa = PBXBuildFile; fileRef = CA3FFE91247A8FE000179049 /* LaunchScreen.storyboard */; };
		CA3FFE9B247A90DD00179049 /* Rounded.swift in Sources */ = {isa = PBXBuildFile; fileRef = CA3FFE9A247A90DD00179049 /* Rounded.swift */; };
		CA3FFE9D247A936300179049 /* CreateView.swift in Sources */ = {isa = PBXBuildFile; fileRef = CA3FFE9C247A936300179049 /* CreateView.swift */; };
		CA3FFE9F247A948B00179049 /* CellView.swift in Sources */ = {isa = PBXBuildFile; fileRef = CA3FFE9E247A948B00179049 /* CellView.swift */; };
		CA3FFEA1247A94C200179049 /* NoteModel.swift in Sources */ = {isa = PBXBuildFile; fileRef = CA3FFEA0247A94C200179049 /* NoteModel.swift */; };
		CA3FFEA6247A953000179049 /* NotesViewModel.swift in Sources */ = {isa = PBXBuildFile; fileRef = CA3FFEA5247A953000179049 /* NotesViewModel.swift */; };
/* End PBXBuildFile section */

/* Begin PBXFileReference section */
		CA3FFE83247A8FD900179049 /* ToDoApp.app */ = {isa = PBXFileReference; explicitFileType = wrapper.application; includeInIndex = 0; path = ToDoApp.app; sourceTree = BUILT_PRODUCTS_DIR; };
		CA3FFE86247A8FD900179049 /* AppDelegate.swift */ = {isa = PBXFileReference; lastKnownFileType = sourcecode.swift; path = AppDelegate.swift; sourceTree = "<group>"; };
		CA3FFE88247A8FD900179049 /* SceneDelegate.swift */ = {isa = PBXFileReference; lastKnownFileType = sourcecode.swift; path = SceneDelegate.swift; sourceTree = "<group>"; };
		CA3FFE8A247A8FD900179049 /* ContentView.swift */ = {isa = PBXFileReference; lastKnownFileType = sourcecode.swift; path = ContentView.swift; sourceTree = "<group>"; };
		CA3FFE8C247A8FE000179049 /* Assets.xcassets */ = {isa = PBXFileReference; lastKnownFileType = folder.assetcatalog; path = Assets.xcassets; sourceTree = "<group>"; };
		CA3FFE8F247A8FE000179049 /* Preview Assets.xcassets */ = {isa = PBXFileReference; lastKnownFileType = folder.assetcatalog; path = "Preview Assets.xcassets"; sourceTree = "<group>"; };
		CA3FFE92247A8FE000179049 /* Base */ = {isa = PBXFileReference; lastKnownFileType = file.storyboard; name = Base; path = Base.lproj/LaunchScreen.storyboard; sourceTree = "<group>"; };
		CA3FFE94247A8FE000179049 /* Info.plist */ = {isa = PBXFileReference; lastKnownFileType = text.plist.xml; path = Info.plist; sourceTree = "<group>"; };
		CA3FFE9A247A90DD00179049 /* Rounded.swift */ = {isa = PBXFileReference; lastKnownFileType = sourcecode.swift; path = Rounded.swift; sourceTree = "<group>"; };
		CA3FFE9C247A936300179049 /* CreateView.swift */ = {isa = PBXFileReference; lastKnownFileType = sourcecode.swift; path = CreateView.swift; sourceTree = "<group>"; };
		CA3FFE9E247A948B00179049 /* CellView.swift */ = {isa = PBXFileReference; lastKnownFileType = sourcecode.swift; path = CellView.swift; sourceTree = "<group>"; };
		CA3FFEA0247A94C200179049 /* NoteModel.swift */ = {isa = PBXFileReference; lastKnownFileType = sourcecode.swift; path = NoteModel.swift; sourceTree = "<group>"; };
		CA3FFEA5247A953000179049 /* NotesViewModel.swift */ = {isa = PBXFileReference; lastKnownFileType = sourcecode.swift; path = NotesViewModel.swift; sourceTree = "<group>"; };
/* End PBXFileReference section */

/* Begin PBXFrameworksBuildPhase section */
		CA3FFE80247A8FD900179049 /* Frameworks */ = {
			isa = PBXFrameworksBuildPhase;
			buildActionMask = 2147483647;
			files = (
			);
			runOnlyForDeploymentPostprocessing = 0;
		};
/* End PBXFrameworksBuildPhase section */

/* Begin PBXGroup section */
		CA3FFE7A247A8FD900179049 = {
			isa = PBXGroup;
			children = (
				CA3FFE85247A8FD900179049 /* ToDoApp */,
				CA3FFE84247A8FD900179049 /* Products */,
			);
			sourceTree = "<group>";
		};
		CA3FFE84247A8FD900179049 /* Products */ = {
			isa = PBXGroup;
			children = (
				CA3FFE83247A8FD900179049 /* ToDoApp.app */,
			);
			name = Products;
			sourceTree = "<group>";
		};
		CA3FFE85247A8FD900179049 /* ToDoApp */ = {
			isa = PBXGroup;
			children = (
				CA3FFEA4247A950B00179049 /* ViewModel */,
				CA3FFEA3247A950600179049 /* Model */,
				CA3FFEA2247A950000179049 /* View */,
				CA3FFE86247A8FD900179049 /* AppDelegate.swift */,
				CA3FFE88247A8FD900179049 /* SceneDelegate.swift */,
				CA3FFE8C247A8FE000179049 /* Assets.xcassets */,
				CA3FFE91247A8FE000179049 /* LaunchScreen.storyboard */,
				CA3FFE94247A8FE000179049 /* Info.plist */,
				CA3FFE8E247A8FE000179049 /* Preview Content */,
			);
			path = ToDoApp;
			sourceTree = "<group>";
		};
		CA3FFE8E247A8FE000179049 /* Preview Content */ = {
			isa = PBXGroup;
			children = (
				CA3FFE8F247A8FE000179049 /* Preview Assets.xcassets */,
			);
			path = "Preview Content";
			sourceTree = "<group>";
		};
		CA3FFEA2247A950000179049 /* View */ = {
			isa = PBXGroup;
			children = (
				CA3FFE9A247A90DD00179049 /* Rounded.swift */,
				CA3FFE9E247A948B00179049 /* CellView.swift */,
				CA3FFE9C247A936300179049 /* CreateView.swift */,
				CA3FFE8A247A8FD900179049 /* ContentView.swift */,
			);
			path = View;
			sourceTree = "<group>";
		};
		CA3FFEA3247A950600179049 /* Model */ = {
			isa = PBXGroup;
			children = (
				CA3FFEA0247A94C200179049 /* NoteModel.swift */,
			);
			path = Model;
			sourceTree = "<group>";
		};
		CA3FFEA4247A950B00179049 /* ViewModel */ = {
			isa = PBXGroup;
			children = (
				CA3FFEA5247A953000179049 /* NotesViewModel.swift */,
			);
			path = ViewModel;
			sourceTree = "<group>";
		};
/* End PBXGroup section */

/* Begin PBXNativeTarget section */
		CA3FFE82247A8FD900179049 /* ToDoApp */ = {
			isa = PBXNativeTarget;
			buildConfigurationList = CA3FFE97247A8FE000179049 /* Build configuration list for PBXNativeTarget "ToDoApp" */;
			buildPhases = (
				CA3FFE7F247A8FD900179049 /* Sources */,
				CA3FFE80247A8FD900179049 /* Frameworks */,
				CA3FFE81247A8FD900179049 /* Resources */,
			);
			buildRules = (
			);
			dependencies = (
			);
			name = ToDoApp;
			productName = ToDoApp;
			productReference = CA3FFE83247A8FD900179049 /* ToDoApp.app */;
			productType = "com.apple.product-type.application";
		};
/* End PBXNativeTarget section */

/* Begin PBXProject section */
		CA3FFE7B247A8FD900179049 /* Project object */ = {
			isa = PBXProject;
			attributes = {
				LastSwiftUpdateCheck = 1140;
				LastUpgradeCheck = 1140;
				ORGANIZATIONNAME = "Кристина Перегудова";
				TargetAttributes = {
					CA3FFE82247A8FD900179049 = {
						CreatedOnToolsVersion = 11.4;
					};
				};
			};
			buildConfigurationList = CA3FFE7E247A8FD900179049 /* Build configuration list for PBXProject "ToDoApp" */;
			compatibilityVersion = "Xcode 9.3";
			developmentRegion = en;
			hasScannedForEncodings = 0;
			knownRegions = (
				en,
				Base,
			);
			mainGroup = CA3FFE7A247A8FD900179049;
			productRefGroup = CA3FFE84247A8FD900179049 /* Products */;
			projectDirPath = "";
			projectRoot = "";
			targets = (
				CA3FFE82247A8FD900179049 /* ToDoApp */,
			);
		};
/* End PBXProject section */

/* Begin PBXResourcesBuildPhase section */
		CA3FFE81247A8FD900179049 /* Resources */ = {
			isa = PBXResourcesBuildPhase;
			buildActionMask = 2147483647;
			files = (
				CA3FFE93247A8FE000179049 /* LaunchScreen.storyboard in Resources */,
				CA3FFE90247A8FE000179049 /* Preview Assets.xcassets in Resources */,
				CA3FFE8D247A8FE000179049 /* Assets.xcassets in Resources */,
			);
			runOnlyForDeploymentPostprocessing = 0;
		};
/* End PBXResourcesBuildPhase section */

/* Begin PBXSourcesBuildPhase section */
		CA3FFE7F247A8FD900179049 /* Sources */ = {
			isa = PBXSourcesBuildPhase;
			buildActionMask = 2147483647;
			files = (
				CA3FFE87247A8FD900179049 /* AppDelegate.swift in Sources */,
				CA3FFE9B247A90DD00179049 /* Rounded.swift in Sources */,
				CA3FFE9F247A948B00179049 /* CellView.swift in Sources */,
				CA3FFEA1247A94C200179049 /* NoteModel.swift in Sources */,
				CA3FFEA6247A953000179049 /* NotesViewModel.swift in Sources */,
				CA3FFE89247A8FD900179049 /* SceneDelegate.swift in Sources */,
				CA3FFE8B247A8FD900179049 /* ContentView.swift in Sources */,
				CA3FFE9D247A936300179049 /* CreateView.swift in Sources */,
			);
			runOnlyForDeploymentPostprocessing = 0;
		};
/* End PBXSourcesBuildPhase section */

/* Begin PBXVariantGroup section */
		CA3FFE91247A8FE000179049 /* LaunchScreen.storyboard */ = {
			isa = PBXVariantGroup;
			children = (
				CA3FFE92247A8FE000179049 /* Base */,
			);
			name = LaunchScreen.storyboard;
			sourceTree = "<group>";
		};
/* End PBXVariantGroup section */

/* Begin XCBuildConfiguration section */
		CA3FFE95247A8FE000179049 /* Debug */ = {
			isa = XCBuildConfiguration;
			buildSettings = {
				ALWAYS_SEARCH_USER_PATHS = NO;
				CLANG_ANALYZER_NONNULL = YES;
				CLANG_ANALYZER_NUMBER_OBJECT_CONVERSION = YES_AGGRESSIVE;
				CLANG_CXX_LANGUAGE_STANDARD = "gnu++14";
				CLANG_CXX_LIBRARY = "libc++";
				CLANG_ENABLE_MODULES = YES;
				CLANG_ENABLE_OBJC_ARC = YES;
				CLANG_ENABLE_OBJC_WEAK = YES;
				CLANG_WARN_BLOCK_CAPTURE_AUTORELEASING = YES;
				CLANG_WARN_BOOL_CONVERSION = YES;
				CLANG_WARN_COMMA = YES;
				CLANG_WARN_CONSTANT_CONVERSION = YES;
				CLANG_WARN_DEPRECATED_OBJC_IMPLEMENTATIONS = YES;
				CLANG_WARN_DIRECT_OBJC_ISA_USAGE = YES_ERROR;
				CLANG_WARN_DOCUMENTATION_COMMENTS = YES;
				CLANG_WARN_EMPTY_BODY = YES;
				CLANG_WARN_ENUM_CONVERSION = YES;
				CLANG_WARN_INFINITE_RECURSION = YES;
				CLANG_WARN_INT_CONVERSION = YES;
				CLANG_WARN_NON_LITERAL_NULL_CONVERSION = YES;
				CLANG_WARN_OBJC_IMPLICIT_RETAIN_SELF = YES;
				CLANG_WARN_OBJC_LITERAL_CONVERSION = YES;
				CLANG_WARN_OBJC_ROOT_CLASS = YES_ERROR;
				CLANG_WARN_RANGE_LOOP_ANALYSIS = YES;
				CLANG_WARN_STRICT_PROTOTYPES = YES;
				CLANG_WARN_SUSPICIOUS_MOVE = YES;
				CLANG_WARN_UNGUARDED_AVAILABILITY = YES_AGGRESSIVE;
				CLANG_WARN_UNREACHABLE_CODE = YES;
				CLANG_WARN__DUPLICATE_METHOD_MATCH = YES;
				COPY_PHASE_STRIP = NO;
				DEBUG_INFORMATION_FORMAT = dwarf;
				ENABLE_STRICT_OBJC_MSGSEND = YES;
				ENABLE_TESTABILITY = YES;
				GCC_C_LANGUAGE_STANDARD = gnu11;
				GCC_DYNAMIC_NO_PIC = NO;
				GCC_NO_COMMON_BLOCKS = YES;
				GCC_OPTIMIZATION_LEVEL = 0;
				GCC_PREPROCESSOR_DEFINITIONS = (
					"DEBUG=1",
					"$(inherited)",
				);
				GCC_WARN_64_TO_32_BIT_CONVERSION = YES;
				GCC_WARN_ABOUT_RETURN_TYPE = YES_ERROR;
				GCC_WARN_UNDECLARED_SELECTOR = YES;
				GCC_WARN_UNINITIALIZED_AUTOS = YES_AGGRESSIVE;
				GCC_WARN_UNUSED_FUNCTION = YES;
				GCC_WARN_UNUSED_VARIABLE = YES;
				IPHONEOS_DEPLOYMENT_TARGET = 13.4;
				MTL_ENABLE_DEBUG_INFO = INCLUDE_SOURCE;
				MTL_FAST_MATH = YES;
				ONLY_ACTIVE_ARCH = YES;
				SDKROOT = iphoneos;
				SWIFT_ACTIVE_COMPILATION_CONDITIONS = DEBUG;
				SWIFT_OPTIMIZATION_LEVEL = "-Onone";
			};
			name = Debug;
		};
		CA3FFE96247A8FE000179049 /* Release */ = {
			isa = XCBuildConfiguration;
			buildSettings = {
				ALWAYS_SEARCH_USER_PATHS = NO;
				CLANG_ANALYZER_NONNULL = YES;
				CLANG_ANALYZER_NUMBER_OBJECT_CONVERSION = YES_AGGRESSIVE;
				CLANG_CXX_LANGUAGE_STANDARD = "gnu++14";
				CLANG_CXX_LIBRARY = "libc++";
				CLANG_ENABLE_MODULES = YES;
				CLANG_ENABLE_OBJC_ARC = YES;
				CLANG_ENABLE_OBJC_WEAK = YES;
				CLANG_WARN_BLOCK_CAPTURE_AUTORELEASING = YES;
				CLANG_WARN_BOOL_CONVERSION = YES;
				CLANG_WARN_COMMA = YES;
				CLANG_WARN_CONSTANT_CONVERSION = YES;
				CLANG_WARN_DEPRECATED_OBJC_IMPLEMENTATIONS = YES;
				CLANG_WARN_DIRECT_OBJC_ISA_USAGE = YES_ERROR;
				CLANG_WARN_DOCUMENTATION_COMMENTS = YES;
				CLANG_WARN_EMPTY_BODY = YES;
				CLANG_WARN_ENUM_CONVERSION = YES;
				CLANG_WARN_INFINITE_RECURSION = YES;
				CLANG_WARN_INT_CONVERSION = YES;
				CLANG_WARN_NON_LITERAL_NULL_CONVERSION = YES;
				CLANG_WARN_OBJC_IMPLICIT_RETAIN_SELF = YES;
				CLANG_WARN_OBJC_LITERAL_CONVERSION = YES;
				CLANG_WARN_OBJC_ROOT_CLASS = YES_ERROR;
				CLANG_WARN_RANGE_LOOP_ANALYSIS = YES;
				CLANG_WARN_STRICT_PROTOTYPES = YES;
				CLANG_WARN_SUSPICIOUS_MOVE = YES;
				CLANG_WARN_UNGUARDED_AVAILABILITY = YES_AGGRESSIVE;
				CLANG_WARN_UNREACHABLE_CODE = YES;
				CLANG_WARN__DUPLICATE_METHOD_MATCH = YES;
				COPY_PHASE_STRIP = NO;
				DEBUG_INFORMATION_FORMAT = "dwarf-with-dsym";
				ENABLE_NS_ASSERTIONS = NO;
				ENABLE_STRICT_OBJC_MSGSEND = YES;
				GCC_C_LANGUAGE_STANDARD = gnu11;
				GCC_NO_COMMON_BLOCKS = YES;
				GCC_WARN_64_TO_32_BIT_CONVERSION = YES;
				GCC_WARN_ABOUT_RETURN_TYPE = YES_ERROR;
				GCC_WARN_UNDECLARED_SELECTOR = YES;
				GCC_WARN_UNINITIALIZED_AUTOS = YES_AGGRESSIVE;
				GCC_WARN_UNUSED_FUNCTION = YES;
				GCC_WARN_UNUSED_VARIABLE = YES;
				IPHONEOS_DEPLOYMENT_TARGET = 13.4;
				MTL_ENABLE_DEBUG_INFO = NO;
				MTL_FAST_MATH = YES;
				SDKROOT = iphoneos;
				SWIFT_COMPILATION_MODE = wholemodule;
				SWIFT_OPTIMIZATION_LEVEL = "-O";
				VALIDATE_PRODUCT = YES;
			};
			name = Release;
		};
		CA3FFE98247A8FE000179049 /* Debug */ = {
			isa = XCBuildConfiguration;
			buildSettings = {
				ASSETCATALOG_COMPILER_APPICON_NAME = AppIcon;
				CODE_SIGN_STYLE = Automatic;
				DEVELOPMENT_ASSET_PATHS = "\"ToDoApp/Preview Content\"";
				DEVELOPMENT_TEAM = 7NZPBTA9R6;
				ENABLE_PREVIEWS = YES;
				INFOPLIST_FILE = ToDoApp/Info.plist;
				LD_RUNPATH_SEARCH_PATHS = (
					"$(inherited)",
					"@executable_path/Frameworks",
				);
				PRODUCT_BUNDLE_IDENTIFIER = com.perekrist.ToDoApp;
				PRODUCT_NAME = "$(TARGET_NAME)";
				SWIFT_VERSION = 5.0;
				TARGETED_DEVICE_FAMILY = "1,2";
			};
			name = Debug;
		};
		CA3FFE99247A8FE000179049 /* Release */ = {
			isa = XCBuildConfiguration;
			buildSettings = {
				ASSETCATALOG_COMPILER_APPICON_NAME = AppIcon;
				CODE_SIGN_STYLE = Automatic;
				DEVELOPMENT_ASSET_PATHS = "\"ToDoApp/Preview Content\"";
				DEVELOPMENT_TEAM = 7NZPBTA9R6;
				ENABLE_PREVIEWS = YES;
				INFOPLIST_FILE = ToDoApp/Info.plist;
				LD_RUNPATH_SEARCH_PATHS = (
					"$(inherited)",
					"@executable_path/Frameworks",
				);
				PRODUCT_BUNDLE_IDENTIFIER = com.perekrist.ToDoApp;
				PRODUCT_NAME = "$(TARGET_NAME)";
				SWIFT_VERSION = 5.0;
				TARGETED_DEVICE_FAMILY = "1,2";
			};
			name = Release;
		};
/* End XCBuildConfiguration section */

/* Begin XCConfigurationList section */
		CA3FFE7E247A8FD900179049 /* Build configuration list for PBXProject "ToDoApp" */ = {
			isa = XCConfigurationList;
			buildConfigurations = (
				CA3FFE95247A8FE000179049 /* Debug */,
				CA3FFE96247A8FE000179049 /* Release */,
			);
			defaultConfigurationIsVisible = 0;
			defaultConfigurationName = Release;
		};
		CA3FFE97247A8FE000179049 /* Build configuration list for PBXNativeTarget "ToDoApp" */ = {
			isa = XCConfigurationList;
			buildConfigurations = (
				CA3FFE98247A8FE000179049 /* Debug */,
				CA3FFE99247A8FE000179049 /* Release */,
			);
			defaultConfigurationIsVisible = 0;
			defaultConfigurationName = Release;
		};
/* End XCConfigurationList section */
	};
	rootObject = CA3FFE7B247A8FD900179049 /* Project object */;
}
